
Microsoft Visual Studio Solution File, Format Version 12.00
# Visual Studio Version 17
VisualStudioVersion = 17.0.31903.59
MinimumVisualStudioVersion = 10.0.40219.1
Project("{9A19103F-16F7-4668-BE54-9A1E7A4F7556}") = "AppContasPagar", "AppContasPagar\AppContasPagar.csproj", "{C7EF88AF-5656-47EE-B870-75282C34F24C}"
EndProject
Project("{FAE04EC0-301F-11D3-BF4B-00C04F79EFBC}") = "RCLCP", "RCLCP\RCLCP.csproj", "{CDD46BB1-9494-4C1B-A4F8-EDAD4CD8D903}"
EndProject
Global
	GlobalSection(SolutionConfigurationPlatforms) = preSolution
		Debug|Any CPU = Debug|Any CPU
		Release|Any CPU = Release|Any CPU
	EndGlobalSection
	GlobalSection(ProjectConfigurationPlatforms) = postSolution
		{C7EF88AF-5656-47EE-B870-75282C34F24C}.Debug|Any CPU.ActiveCfg = Debug|Any CPU
		{C7EF88AF-5656-47EE-B870-75282C34F24C}.Debug|Any CPU.Build.0 = Debug|Any CPU
		{C7EF88AF-5656-47EE-B870-75282C34F24C}.Debug|Any CPU.Deploy.0 = Debug|Any CPU
		{C7EF88AF-5656-47EE-B870-75282C34F24C}.Release|Any CPU.ActiveCfg = Release|Any CPU
		{C7EF88AF-5656-47EE-B870-75282C34F24C}.Release|Any CPU.Build.0 = Release|Any CPU
		{C7EF88AF-5656-47EE-B870-75282C34F24C}.Release|Any CPU.Deploy.0 = Release|Any CPU
		{CDD46BB1-9494-4C1B-A4F8-EDAD4CD8D903}.Debug|Any CPU.ActiveCfg = Debug|Any CPU
		{CDD46BB1-9494-4C1B-A4F8-EDAD4CD8D903}.Debug|Any CPU.Build.0 = Debug|Any CPU
		{CDD46BB1-9494-4C1B-A4F8-EDAD4CD8D903}.Release|Any CPU.ActiveCfg = Release|Any CPU
		{CDD46BB1-9494-4C1B-A4F8-EDAD4CD8D903}.Release|Any CPU.Build.0 = Release|Any CPU
	EndGlobalSection
	GlobalSection(SolutionProperties) = preSolution
		HideSolutionNode = FALSE
	EndGlobalSection
	GlobalSection(ExtensibilityGlobals) = postSolution
		SolutionGuid = {13CBAA7F-580F-4C91-8886-7F4B9ACBC24D}
	EndGlobalSection
EndGlobal
